
Microsoft Visual Studio Solution File, Format Version 12.00
Project("{FAE04EC0-301F-11D3-BF4B-00C04F79EFBC}") = "api", "api\api.csproj", "{A84467CB-94BA-44C2-87FF-8DC47600820B}"
EndProject
Global
	GlobalSection(SolutionConfigurationPlatforms) = preSolution
		Debug|Any CPU = Debug|Any CPU
		Release|Any CPU = Release|Any CPU
	EndGlobalSection
	GlobalSection(ProjectConfigurationPlatforms) = postSolution
		{A84467CB-94BA-44C2-87FF-8DC47600820B}.Debug|Any CPU.ActiveCfg = Debug|Any CPU
		{A84467CB-94BA-44C2-87FF-8DC47600820B}.Debug|Any CPU.Build.0 = Debug|Any CPU
		{A84467CB-94BA-44C2-87FF-8DC47600820B}.Release|Any CPU.ActiveCfg = Release|Any CPU
		{A84467CB-94BA-44C2-87FF-8DC47600820B}.Release|Any CPU.Build.0 = Release|Any CPU
	EndGlobalSection
EndGlobal
